// !$*UTF8*$!
{
	archiveVersion = 1;
	classes = {
	};
	objectVersion = 51;
	objects = {

/* Begin PBXBuildFile section */
		11CD7AF7060683691EA94C58 /* Pods_CameraOpusTests.framework in Frameworks */ = {isa = PBXBuildFile; fileRef = 672FEDCBB6E1BEC6ECB5262F /* Pods_CameraOpusTests.framework */; };
		48E5A848D7ADA6A42A4A9113 /* Pods_CameraOpus.framework in Frameworks */ = {isa = PBXBuildFile; fileRef = 17D99641321A4944E002109A /* Pods_CameraOpus.framework */; };
		89BE4DAA17060C3E513455FF /* Pods_CameraOpusUITests.framework in Frameworks */ = {isa = PBXBuildFile; fileRef = ED4BEBF7F91239DA8C199EC3 /* Pods_CameraOpusUITests.framework */; };
		BA1ACFE222D56E32000E0DA4 /* Login.storyboard in Resources */ = {isa = PBXBuildFile; fileRef = BA1ACFE122D56E32000E0DA4 /* Login.storyboard */; };
		BA1ACFF622D68EDA000E0DA4 /* ServerHelper.swift in Sources */ = {isa = PBXBuildFile; fileRef = BA1ACFF522D68EDA000E0DA4 /* ServerHelper.swift */; };
		BA1ACFF822D6C365000E0DA4 /* Downloader.swift in Sources */ = {isa = PBXBuildFile; fileRef = BA1ACFF722D6C365000E0DA4 /* Downloader.swift */; };
		BA24271D227664F600218C3E /* AppDelegate.swift in Sources */ = {isa = PBXBuildFile; fileRef = BA24271C227664F600218C3E /* AppDelegate.swift */; };
		BA24271F227664F600218C3E /* ViewController.swift in Sources */ = {isa = PBXBuildFile; fileRef = BA24271E227664F600218C3E /* ViewController.swift */; };
		BA242722227664F600218C3E /* Main.storyboard in Resources */ = {isa = PBXBuildFile; fileRef = BA242720227664F600218C3E /* Main.storyboard */; settings = {ASSET_TAGS = (library, ); }; };
		BA242727227664F900218C3E /* Assets.xcassets in Resources */ = {isa = PBXBuildFile; fileRef = BA242726227664F900218C3E /* Assets.xcassets */; };
		BA24272A227664F900218C3E /* LaunchScreen.storyboard in Resources */ = {isa = PBXBuildFile; fileRef = BA242728227664F900218C3E /* LaunchScreen.storyboard */; };
		BA242735227664F900218C3E /* CameraOpusTests.swift in Sources */ = {isa = PBXBuildFile; fileRef = BA242734227664F900218C3E /* CameraOpusTests.swift */; };
		BA242740227664F900218C3E /* CameraOpusUITests.swift in Sources */ = {isa = PBXBuildFile; fileRef = BA24273F227664F900218C3E /* CameraOpusUITests.swift */; };
		BA261452227FA76200A59901 /* PixelExtractor.swift in Sources */ = {isa = PBXBuildFile; fileRef = BA261451227FA76200A59901 /* PixelExtractor.swift */; };
		BA48938A22C873B500F6D521 /* Main.storyboard in Resources */ = {isa = PBXBuildFile; fileRef = BA48938822C873B500F6D521 /* Main.storyboard */; };
		BA48938C22CC346300F6D521 /* TabController.swift in Sources */ = {isa = PBXBuildFile; fileRef = BA48938B22CC346200F6D521 /* TabController.swift */; };
		BA7A19C822D824A90031E352 /* FolderHelper.swift in Sources */ = {isa = PBXBuildFile; fileRef = BA7A19C722D824A90031E352 /* FolderHelper.swift */; };
		BA7A19CC22DE8BE30031E352 /* Crashlytics.framework in Frameworks */ = {isa = PBXBuildFile; fileRef = BA7A19CA22DE8BE30031E352 /* Crashlytics.framework */; };
		BA7A19CD22DE8BE30031E352 /* Fabric.framework in Frameworks */ = {isa = PBXBuildFile; fileRef = BA7A19CB22DE8BE30031E352 /* Fabric.framework */; };
		BA84922022EBCD7000A64039 /* ImageManipulationUtil.swift in Sources */ = {isa = PBXBuildFile; fileRef = BA84921F22EBCD7000A64039 /* ImageManipulationUtil.swift */; };
		BA9B8F5922B4687E00EEF11D /* ThreeDFileViewController.swift in Sources */ = {isa = PBXBuildFile; fileRef = BA9B8F5822B4687E00EEF11D /* ThreeDFileViewController.swift */; };
		BA9B8F5B22B46BCA00EEF11D /* ThreeDFileViewController.storyboard in Resources */ = {isa = PBXBuildFile; fileRef = BA9B8F5A22B46BCA00EEF11D /* ThreeDFileViewController.storyboard */; };
		BA9B8F5D22B5C6E100EEF11D /* ModelTableViewCell.swift in Sources */ = {isa = PBXBuildFile; fileRef = BA9B8F5C22B5C6E100EEF11D /* ModelTableViewCell.swift */; };
		BAA8308E22B829C70088DAEE /* sceneViewController.swift in Sources */ = {isa = PBXBuildFile; fileRef = BAA8308D22B829C70088DAEE /* sceneViewController.swift */; };
		BAA8309022B85B720088DAEE /* models.scnassets in Resources */ = {isa = PBXBuildFile; fileRef = BAA8308F22B85B720088DAEE /* models.scnassets */; };
		BAADC9712277CC9100A671B2 /* PreviewView.swift in Sources */ = {isa = PBXBuildFile; fileRef = BAADC9702277CC9100A671B2 /* PreviewView.swift */; };
		BAADC9732278246A00A671B2 /* PhotoCaptureDelegate.swift in Sources */ = {isa = PBXBuildFile; fileRef = BAADC9722278246A00A671B2 /* PhotoCaptureDelegate.swift */; };
		BAADC97522791A0600A671B2 /* PreviewView.swift in Sources */ = {isa = PBXBuildFile; fileRef = BAADC97422791A0500A671B2 /* PreviewView.swift */; };
/* End PBXBuildFile section */

/* Begin PBXContainerItemProxy section */
		BA242731227664F900218C3E /* PBXContainerItemProxy */ = {
			isa = PBXContainerItemProxy;
			containerPortal = BA242711227664F600218C3E /* Project object */;
			proxyType = 1;
			remoteGlobalIDString = BA242718227664F600218C3E;
			remoteInfo = CameraOpus;
		};
		BA24273C227664F900218C3E /* PBXContainerItemProxy */ = {
			isa = PBXContainerItemProxy;
			containerPortal = BA242711227664F600218C3E /* Project object */;
			proxyType = 1;
			remoteGlobalIDString = BA242718227664F600218C3E;
			remoteInfo = CameraOpus;
		};
/* End PBXContainerItemProxy section */

/* Begin PBXFileReference section */
		17D99641321A4944E002109A /* Pods_CameraOpus.framework */ = {isa = PBXFileReference; explicitFileType = wrapper.framework; includeInIndex = 0; path = Pods_CameraOpus.framework; sourceTree = BUILT_PRODUCTS_DIR; };
		1F0A21CA60EA3EEE3DAD64B6 /* Pods-CameraOpusTests.release.xcconfig */ = {isa = PBXFileReference; includeInIndex = 1; lastKnownFileType = text.xcconfig; name = "Pods-CameraOpusTests.release.xcconfig"; path = "Target Support Files/Pods-CameraOpusTests/Pods-CameraOpusTests.release.xcconfig"; sourceTree = "<group>"; };
		5D3522DA6D98D031619E001A /* Pods-CameraOpusUITests.release.xcconfig */ = {isa = PBXFileReference; includeInIndex = 1; lastKnownFileType = text.xcconfig; name = "Pods-CameraOpusUITests.release.xcconfig"; path = "Target Support Files/Pods-CameraOpusUITests/Pods-CameraOpusUITests.release.xcconfig"; sourceTree = "<group>"; };
		622816243C3B6B3C4DD2610E /* Pods-CameraOpus.release.xcconfig */ = {isa = PBXFileReference; includeInIndex = 1; lastKnownFileType = text.xcconfig; name = "Pods-CameraOpus.release.xcconfig"; path = "Target Support Files/Pods-CameraOpus/Pods-CameraOpus.release.xcconfig"; sourceTree = "<group>"; };
		672FEDCBB6E1BEC6ECB5262F /* Pods_CameraOpusTests.framework */ = {isa = PBXFileReference; explicitFileType = wrapper.framework; includeInIndex = 0; path = Pods_CameraOpusTests.framework; sourceTree = BUILT_PRODUCTS_DIR; };
		68E9EEAD8352C8E22DFF322D /* Pods-CameraOpusUITests.debug.xcconfig */ = {isa = PBXFileReference; includeInIndex = 1; lastKnownFileType = text.xcconfig; name = "Pods-CameraOpusUITests.debug.xcconfig"; path = "Target Support Files/Pods-CameraOpusUITests/Pods-CameraOpusUITests.debug.xcconfig"; sourceTree = "<group>"; };
		902EA4FA38C8FFE529DF9E6B /* Pods-CameraOpusTests.debug.xcconfig */ = {isa = PBXFileReference; includeInIndex = 1; lastKnownFileType = text.xcconfig; name = "Pods-CameraOpusTests.debug.xcconfig"; path = "Target Support Files/Pods-CameraOpusTests/Pods-CameraOpusTests.debug.xcconfig"; sourceTree = "<group>"; };
		BA1ACFE022D5444E000E0DA4 /* CameraOpus.entitlements */ = {isa = PBXFileReference; lastKnownFileType = text.plist.entitlements; path = CameraOpus.entitlements; sourceTree = "<group>"; };
		BA1ACFE122D56E32000E0DA4 /* Login.storyboard */ = {isa = PBXFileReference; lastKnownFileType = file.storyboard; path = Login.storyboard; sourceTree = "<group>"; };
		BA1ACFF522D68EDA000E0DA4 /* ServerHelper.swift */ = {isa = PBXFileReference; lastKnownFileType = sourcecode.swift; path = ServerHelper.swift; sourceTree = "<group>"; };
		BA1ACFF722D6C365000E0DA4 /* Downloader.swift */ = {isa = PBXFileReference; lastKnownFileType = sourcecode.swift; path = Downloader.swift; sourceTree = "<group>"; };
		BA242719227664F600218C3E /* CameraOpus.app */ = {isa = PBXFileReference; explicitFileType = wrapper.application; includeInIndex = 0; path = CameraOpus.app; sourceTree = BUILT_PRODUCTS_DIR; };
		BA24271C227664F600218C3E /* AppDelegate.swift */ = {isa = PBXFileReference; lastKnownFileType = sourcecode.swift; path = AppDelegate.swift; sourceTree = "<group>"; };
		BA24271E227664F600218C3E /* ViewController.swift */ = {isa = PBXFileReference; lastKnownFileType = sourcecode.swift; path = ViewController.swift; sourceTree = "<group>"; };
		BA242721227664F600218C3E /* Base */ = {isa = PBXFileReference; lastKnownFileType = file.storyboard; name = Base; path = Base.lproj/Main.storyboard; sourceTree = "<group>"; };
		BA242726227664F900218C3E /* Assets.xcassets */ = {isa = PBXFileReference; lastKnownFileType = folder.assetcatalog; path = Assets.xcassets; sourceTree = "<group>"; };
		BA242729227664F900218C3E /* Base */ = {isa = PBXFileReference; lastKnownFileType = file.storyboard; name = Base; path = Base.lproj/LaunchScreen.storyboard; sourceTree = "<group>"; };
		BA24272B227664F900218C3E /* Info.plist */ = {isa = PBXFileReference; lastKnownFileType = text.plist.xml; path = Info.plist; sourceTree = "<group>"; };
		BA242730227664F900218C3E /* CameraOpusTests.xctest */ = {isa = PBXFileReference; explicitFileType = wrapper.cfbundle; includeInIndex = 0; path = CameraOpusTests.xctest; sourceTree = BUILT_PRODUCTS_DIR; };
		BA242734227664F900218C3E /* CameraOpusTests.swift */ = {isa = PBXFileReference; lastKnownFileType = sourcecode.swift; path = CameraOpusTests.swift; sourceTree = "<group>"; };
		BA242736227664F900218C3E /* Info.plist */ = {isa = PBXFileReference; lastKnownFileType = text.plist.xml; path = Info.plist; sourceTree = "<group>"; };
		BA24273B227664F900218C3E /* CameraOpusUITests.xctest */ = {isa = PBXFileReference; explicitFileType = wrapper.cfbundle; includeInIndex = 0; path = CameraOpusUITests.xctest; sourceTree = BUILT_PRODUCTS_DIR; };
		BA24273F227664F900218C3E /* CameraOpusUITests.swift */ = {isa = PBXFileReference; lastKnownFileType = sourcecode.swift; path = CameraOpusUITests.swift; sourceTree = "<group>"; };
		BA242741227664F900218C3E /* Info.plist */ = {isa = PBXFileReference; lastKnownFileType = text.plist.xml; path = Info.plist; sourceTree = "<group>"; };
		BA261451227FA76200A59901 /* PixelExtractor.swift */ = {isa = PBXFileReference; lastKnownFileType = sourcecode.swift; path = PixelExtractor.swift; sourceTree = "<group>"; };
		BA48938922C873B500F6D521 /* Base */ = {isa = PBXFileReference; lastKnownFileType = file.storyboard; name = Base; path = CameraOpus/Base.lproj/Main.storyboard; sourceTree = "<group>"; };
		BA48938B22CC346200F6D521 /* TabController.swift */ = {isa = PBXFileReference; lastKnownFileType = sourcecode.swift; path = TabController.swift; sourceTree = "<group>"; };
		BA7A19C722D824A90031E352 /* FolderHelper.swift */ = {isa = PBXFileReference; lastKnownFileType = sourcecode.swift; path = FolderHelper.swift; sourceTree = "<group>"; };
		BA7A19CA22DE8BE30031E352 /* Crashlytics.framework */ = {isa = PBXFileReference; lastKnownFileType = wrapper.framework; path = Crashlytics.framework; sourceTree = "<group>"; };
		BA7A19CB22DE8BE30031E352 /* Fabric.framework */ = {isa = PBXFileReference; lastKnownFileType = wrapper.framework; path = Fabric.framework; sourceTree = "<group>"; };
		BA84921F22EBCD7000A64039 /* ImageManipulationUtil.swift */ = {isa = PBXFileReference; lastKnownFileType = sourcecode.swift; path = ImageManipulationUtil.swift; sourceTree = "<group>"; };
		BA9B8F5822B4687E00EEF11D /* ThreeDFileViewController.swift */ = {isa = PBXFileReference; lastKnownFileType = sourcecode.swift; path = ThreeDFileViewController.swift; sourceTree = "<group>"; };
		BA9B8F5A22B46BCA00EEF11D /* ThreeDFileViewController.storyboard */ = {isa = PBXFileReference; lastKnownFileType = file.storyboard; path = ThreeDFileViewController.storyboard; sourceTree = "<group>"; };
		BA9B8F5C22B5C6E100EEF11D /* ModelTableViewCell.swift */ = {isa = PBXFileReference; lastKnownFileType = sourcecode.swift; path = ModelTableViewCell.swift; sourceTree = "<group>"; };
		BAA8308D22B829C70088DAEE /* sceneViewController.swift */ = {isa = PBXFileReference; lastKnownFileType = sourcecode.swift; path = sceneViewController.swift; sourceTree = "<group>"; };
		BAA8308F22B85B720088DAEE /* models.scnassets */ = {isa = PBXFileReference; lastKnownFileType = wrapper.scnassets; path = models.scnassets; sourceTree = "<group>"; };
		BAADC9702277CC9100A671B2 /* PreviewView.swift */ = {isa = PBXFileReference; fileEncoding = 4; lastKnownFileType = sourcecode.swift; path = PreviewView.swift; sourceTree = "<group>"; };
		BAADC9722278246A00A671B2 /* PhotoCaptureDelegate.swift */ = {isa = PBXFileReference; fileEncoding = 4; lastKnownFileType = sourcecode.swift; path = PhotoCaptureDelegate.swift; sourceTree = "<group>"; };
		BAADC97422791A0500A671B2 /* PreviewView.swift */ = {isa = PBXFileReference; fileEncoding = 4; lastKnownFileType = sourcecode.swift; path = PreviewView.swift; sourceTree = "<group>"; };
		E72FF433141691D0D55B356A /* Pods-CameraOpus.debug.xcconfig */ = {isa = PBXFileReference; includeInIndex = 1; lastKnownFileType = text.xcconfig; name = "Pods-CameraOpus.debug.xcconfig"; path = "Target Support Files/Pods-CameraOpus/Pods-CameraOpus.debug.xcconfig"; sourceTree = "<group>"; };
		ED4BEBF7F91239DA8C199EC3 /* Pods_CameraOpusUITests.framework */ = {isa = PBXFileReference; explicitFileType = wrapper.framework; includeInIndex = 0; path = Pods_CameraOpusUITests.framework; sourceTree = BUILT_PRODUCTS_DIR; };
/* End PBXFileReference section */

/* Begin PBXFrameworksBuildPhase section */
		BA242716227664F600218C3E /* Frameworks */ = {
			isa = PBXFrameworksBuildPhase;
			buildActionMask = 2147483647;
			files = (
				BA7A19CC22DE8BE30031E352 /* Crashlytics.framework in Frameworks */,
				BA7A19CD22DE8BE30031E352 /* Fabric.framework in Frameworks */,
				48E5A848D7ADA6A42A4A9113 /* Pods_CameraOpus.framework in Frameworks */,
			);
			runOnlyForDeploymentPostprocessing = 0;
		};
		BA24272D227664F900218C3E /* Frameworks */ = {
			isa = PBXFrameworksBuildPhase;
			buildActionMask = 2147483647;
			files = (
				11CD7AF7060683691EA94C58 /* Pods_CameraOpusTests.framework in Frameworks */,
			);
			runOnlyForDeploymentPostprocessing = 0;
		};
		BA242738227664F900218C3E /* Frameworks */ = {
			isa = PBXFrameworksBuildPhase;
			buildActionMask = 2147483647;
			files = (
				89BE4DAA17060C3E513455FF /* Pods_CameraOpusUITests.framework in Frameworks */,
			);
			runOnlyForDeploymentPostprocessing = 0;
		};
/* End PBXFrameworksBuildPhase section */

/* Begin PBXGroup section */
		20AE3C5EEC59C1C164B6B4FF /* Pods */ = {
			isa = PBXGroup;
			children = (
				E72FF433141691D0D55B356A /* Pods-CameraOpus.debug.xcconfig */,
				622816243C3B6B3C4DD2610E /* Pods-CameraOpus.release.xcconfig */,
				902EA4FA38C8FFE529DF9E6B /* Pods-CameraOpusTests.debug.xcconfig */,
				1F0A21CA60EA3EEE3DAD64B6 /* Pods-CameraOpusTests.release.xcconfig */,
				68E9EEAD8352C8E22DFF322D /* Pods-CameraOpusUITests.debug.xcconfig */,
				5D3522DA6D98D031619E001A /* Pods-CameraOpusUITests.release.xcconfig */,
			);
			path = Pods;
			sourceTree = "<group>";
		};
		BA242710227664F600218C3E = {
			isa = PBXGroup;
			children = (
				BA7A19CA22DE8BE30031E352 /* Crashlytics.framework */,
				BA7A19CB22DE8BE30031E352 /* Fabric.framework */,
				BA48938822C873B500F6D521 /* Main.storyboard */,
				BA24271B227664F600218C3E /* CameraOpus */,
				BA242733227664F900218C3E /* CameraOpusTests */,
				BA24273E227664F900218C3E /* CameraOpusUITests */,
				BA24271A227664F600218C3E /* Products */,
				20AE3C5EEC59C1C164B6B4FF /* Pods */,
				FD4F6443B6EB1A7FA582C70A /* Frameworks */,
			);
			sourceTree = "<group>";
		};
		BA24271A227664F600218C3E /* Products */ = {
			isa = PBXGroup;
			children = (
				BA242719227664F600218C3E /* CameraOpus.app */,
				BA242730227664F900218C3E /* CameraOpusTests.xctest */,
				BA24273B227664F900218C3E /* CameraOpusUITests.xctest */,
			);
			name = Products;
			sourceTree = "<group>";
		};
		BA24271B227664F600218C3E /* CameraOpus */ = {
			isa = PBXGroup;
			children = (
				BA1ACFE022D5444E000E0DA4 /* CameraOpus.entitlements */,
				BA24271C227664F600218C3E /* AppDelegate.swift */,
				BA1ACFE122D56E32000E0DA4 /* Login.storyboard */,
				BA1ACFF522D68EDA000E0DA4 /* ServerHelper.swift */,
				BA24271E227664F600218C3E /* ViewController.swift */,
				BA84921F22EBCD7000A64039 /* ImageManipulationUtil.swift */,
				BA1ACFF722D6C365000E0DA4 /* Downloader.swift */,
				BA7A19C722D824A90031E352 /* FolderHelper.swift */,
				BA242720227664F600218C3E /* Main.storyboard */,
				BA48938B22CC346200F6D521 /* TabController.swift */,
				BA242726227664F900218C3E /* Assets.xcassets */,
				BA242728227664F900218C3E /* LaunchScreen.storyboard */,
				BA261451227FA76200A59901 /* PixelExtractor.swift */,
				BAADC9722278246A00A671B2 /* PhotoCaptureDelegate.swift */,
				BA9B8F5C22B5C6E100EEF11D /* ModelTableViewCell.swift */,
				BAADC9702277CC9100A671B2 /* PreviewView.swift */,
				BA9B8F5822B4687E00EEF11D /* ThreeDFileViewController.swift */,
				BA9B8F5A22B46BCA00EEF11D /* ThreeDFileViewController.storyboard */,
				BAA8308D22B829C70088DAEE /* sceneViewController.swift */,
				BAADC97422791A0500A671B2 /* PreviewView.swift */,
				BA24272B227664F900218C3E /* Info.plist */,
				BAA8308F22B85B720088DAEE /* models.scnassets */,
			);
			path = CameraOpus;
			sourceTree = "<group>";
		};
		BA242733227664F900218C3E /* CameraOpusTests */ = {
			isa = PBXGroup;
			children = (
				BA242734227664F900218C3E /* CameraOpusTests.swift */,
				BA242736227664F900218C3E /* Info.plist */,
			);
			path = CameraOpusTests;
			sourceTree = "<group>";
		};
		BA24273E227664F900218C3E /* CameraOpusUITests */ = {
			isa = PBXGroup;
			children = (
				BA24273F227664F900218C3E /* CameraOpusUITests.swift */,
				BA242741227664F900218C3E /* Info.plist */,
			);
			path = CameraOpusUITests;
			sourceTree = "<group>";
		};
		FD4F6443B6EB1A7FA582C70A /* Frameworks */ = {
			isa = PBXGroup;
			children = (
				17D99641321A4944E002109A /* Pods_CameraOpus.framework */,
				672FEDCBB6E1BEC6ECB5262F /* Pods_CameraOpusTests.framework */,
				ED4BEBF7F91239DA8C199EC3 /* Pods_CameraOpusUITests.framework */,
			);
			name = Frameworks;
			sourceTree = "<group>";
		};
/* End PBXGroup section */

/* Begin PBXNativeTarget section */
		BA242718227664F600218C3E /* CameraOpus */ = {
			isa = PBXNativeTarget;
			buildConfigurationList = BA242744227664F900218C3E /* Build configuration list for PBXNativeTarget "CameraOpus" */;
			buildPhases = (
				776AD616F488156F7586829F /* [CP] Check Pods Manifest.lock */,
				BA242715227664F600218C3E /* Sources */,
				BA242716227664F600218C3E /* Frameworks */,
				BA242717227664F600218C3E /* Resources */,
				BA7A19C922DE8B9B0031E352 /* ShellScript */,
				1B4BBD495CA7E36FD11C2825 /* [CP] Embed Pods Frameworks */,
			);
			buildRules = (
			);
			dependencies = (
			);
			name = CameraOpus;
			productName = CameraOpus;
			productReference = BA242719227664F600218C3E /* CameraOpus.app */;
			productType = "com.apple.product-type.application";
		};
		BA24272F227664F900218C3E /* CameraOpusTests */ = {
			isa = PBXNativeTarget;
			buildConfigurationList = BA242747227664F900218C3E /* Build configuration list for PBXNativeTarget "CameraOpusTests" */;
			buildPhases = (
				6B3AFB78510B4093CB46931A /* [CP] Check Pods Manifest.lock */,
				BA24272C227664F900218C3E /* Sources */,
				BA24272D227664F900218C3E /* Frameworks */,
				BA24272E227664F900218C3E /* Resources */,
			);
			buildRules = (
			);
			dependencies = (
				BA242732227664F900218C3E /* PBXTargetDependency */,
			);
			name = CameraOpusTests;
			productName = CameraOpusTests;
			productReference = BA242730227664F900218C3E /* CameraOpusTests.xctest */;
			productType = "com.apple.product-type.bundle.unit-test";
		};
		BA24273A227664F900218C3E /* CameraOpusUITests */ = {
			isa = PBXNativeTarget;
			buildConfigurationList = BA24274A227664F900218C3E /* Build configuration list for PBXNativeTarget "CameraOpusUITests" */;
			buildPhases = (
				8A3AA78C57F3BF3552E8C735 /* [CP] Check Pods Manifest.lock */,
				BA242737227664F900218C3E /* Sources */,
				BA242738227664F900218C3E /* Frameworks */,
				BA242739227664F900218C3E /* Resources */,
			);
			buildRules = (
			);
			dependencies = (
				BA24273D227664F900218C3E /* PBXTargetDependency */,
			);
			name = CameraOpusUITests;
			productName = CameraOpusUITests;
			productReference = BA24273B227664F900218C3E /* CameraOpusUITests.xctest */;
			productType = "com.apple.product-type.bundle.ui-testing";
		};
/* End PBXNativeTarget section */

/* Begin PBXProject section */
		BA242711227664F600218C3E /* Project object */ = {
			isa = PBXProject;
			attributes = {
				KnownAssetTags = (
					library,
				);
				LastSwiftUpdateCheck = 1020;
				LastUpgradeCheck = 1020;
				ORGANIZATIONNAME = CameraOpus;
				TargetAttributes = {
					BA242718227664F600218C3E = {
						CreatedOnToolsVersion = 10.2;
						SystemCapabilities = {
							com.apple.BackgroundModes = {
								enabled = 1;
							};
							com.apple.Push = {
								enabled = 1;
							};
						};
					};
					BA24272F227664F900218C3E = {
						CreatedOnToolsVersion = 10.2;
						TestTargetID = BA242718227664F600218C3E;
					};
					BA24273A227664F900218C3E = {
						CreatedOnToolsVersion = 10.2;
						TestTargetID = BA242718227664F600218C3E;
					};
				};
			};
			buildConfigurationList = BA242714227664F600218C3E /* Build configuration list for PBXProject "CameraOpus" */;
			compatibilityVersion = "Xcode 9.3";
			developmentRegion = en;
			hasScannedForEncodings = 0;
			knownRegions = (
				en,
				Base,
			);
			mainGroup = BA242710227664F600218C3E;
			productRefGroup = BA24271A227664F600218C3E /* Products */;
			projectDirPath = "";
			projectRoot = "";
			targets = (
				BA242718227664F600218C3E /* CameraOpus */,
				BA24272F227664F900218C3E /* CameraOpusTests */,
				BA24273A227664F900218C3E /* CameraOpusUITests */,
			);
		};
/* End PBXProject section */

/* Begin PBXResourcesBuildPhase section */
		BA242717227664F600218C3E /* Resources */ = {
			isa = PBXResourcesBuildPhase;
			buildActionMask = 2147483647;
			files = (
				BA24272A227664F900218C3E /* LaunchScreen.storyboard in Resources */,
				BA9B8F5B22B46BCA00EEF11D /* ThreeDFileViewController.storyboard in Resources */,
				BA1ACFE222D56E32000E0DA4 /* Login.storyboard in Resources */,
				BA242727227664F900218C3E /* Assets.xcassets in Resources */,
				BA48938A22C873B500F6D521 /* Main.storyboard in Resources */,
				BAA8309022B85B720088DAEE /* models.scnassets in Resources */,
				BA242722227664F600218C3E /* Main.storyboard in Resources */,
			);
			runOnlyForDeploymentPostprocessing = 0;
		};
		BA24272E227664F900218C3E /* Resources */ = {
			isa = PBXResourcesBuildPhase;
			buildActionMask = 2147483647;
			files = (
			);
			runOnlyForDeploymentPostprocessing = 0;
		};
		BA242739227664F900218C3E /* Resources */ = {
			isa = PBXResourcesBuildPhase;
			buildActionMask = 2147483647;
			files = (
			);
			runOnlyForDeploymentPostprocessing = 0;
		};
/* End PBXResourcesBuildPhase section */

/* Begin PBXShellScriptBuildPhase section */
		1B4BBD495CA7E36FD11C2825 /* [CP] Embed Pods Frameworks */ = {
			isa = PBXShellScriptBuildPhase;
			buildActionMask = 2147483647;
			files = (
			);
			inputFileListPaths = (
				"${PODS_ROOT}/Target Support Files/Pods-CameraOpus/Pods-CameraOpus-frameworks-${CONFIGURATION}-input-files.xcfilelist",
			);
			name = "[CP] Embed Pods Frameworks";
			outputFileListPaths = (
				"${PODS_ROOT}/Target Support Files/Pods-CameraOpus/Pods-CameraOpus-frameworks-${CONFIGURATION}-output-files.xcfilelist",
			);
			runOnlyForDeploymentPostprocessing = 0;
			shellPath = /bin/sh;
			shellScript = "\"${PODS_ROOT}/Target Support Files/Pods-CameraOpus/Pods-CameraOpus-frameworks.sh\"\n";
			showEnvVarsInLog = 0;
		};
		6B3AFB78510B4093CB46931A /* [CP] Check Pods Manifest.lock */ = {
			isa = PBXShellScriptBuildPhase;
			buildActionMask = 2147483647;
			files = (
			);
			inputFileListPaths = (
			);
			inputPaths = (
				"${PODS_PODFILE_DIR_PATH}/Podfile.lock",
				"${PODS_ROOT}/Manifest.lock",
			);
			name = "[CP] Check Pods Manifest.lock";
			outputFileListPaths = (
			);
			outputPaths = (
				"$(DERIVED_FILE_DIR)/Pods-CameraOpusTests-checkManifestLockResult.txt",
			);
			runOnlyForDeploymentPostprocessing = 0;
			shellPath = /bin/sh;
			shellScript = "diff \"${PODS_PODFILE_DIR_PATH}/Podfile.lock\" \"${PODS_ROOT}/Manifest.lock\" > /dev/null\nif [ $? != 0 ] ; then\n    # print error to STDERR\n    echo \"error: The sandbox is not in sync with the Podfile.lock. Run 'pod install' or update your CocoaPods installation.\" >&2\n    exit 1\nfi\n# This output is used by Xcode 'outputs' to avoid re-running this script phase.\necho \"SUCCESS\" > \"${SCRIPT_OUTPUT_FILE_0}\"\n";
			showEnvVarsInLog = 0;
		};
		776AD616F488156F7586829F /* [CP] Check Pods Manifest.lock */ = {
			isa = PBXShellScriptBuildPhase;
			buildActionMask = 2147483647;
			files = (
			);
			inputFileListPaths = (
			);
			inputPaths = (
				"${PODS_PODFILE_DIR_PATH}/Podfile.lock",
				"${PODS_ROOT}/Manifest.lock",
			);
			name = "[CP] Check Pods Manifest.lock";
			outputFileListPaths = (
			);
			outputPaths = (
				"$(DERIVED_FILE_DIR)/Pods-CameraOpus-checkManifestLockResult.txt",
			);
			runOnlyForDeploymentPostprocessing = 0;
			shellPath = /bin/sh;
			shellScript = "diff \"${PODS_PODFILE_DIR_PATH}/Podfile.lock\" \"${PODS_ROOT}/Manifest.lock\" > /dev/null\nif [ $? != 0 ] ; then\n    # print error to STDERR\n    echo \"error: The sandbox is not in sync with the Podfile.lock. Run 'pod install' or update your CocoaPods installation.\" >&2\n    exit 1\nfi\n# This output is used by Xcode 'outputs' to avoid re-running this script phase.\necho \"SUCCESS\" > \"${SCRIPT_OUTPUT_FILE_0}\"\n";
			showEnvVarsInLog = 0;
		};
		8A3AA78C57F3BF3552E8C735 /* [CP] Check Pods Manifest.lock */ = {
			isa = PBXShellScriptBuildPhase;
			buildActionMask = 2147483647;
			files = (
			);
			inputFileListPaths = (
			);
			inputPaths = (
				"${PODS_PODFILE_DIR_PATH}/Podfile.lock",
				"${PODS_ROOT}/Manifest.lock",
			);
			name = "[CP] Check Pods Manifest.lock";
			outputFileListPaths = (
			);
			outputPaths = (
				"$(DERIVED_FILE_DIR)/Pods-CameraOpusUITests-checkManifestLockResult.txt",
			);
			runOnlyForDeploymentPostprocessing = 0;
			shellPath = /bin/sh;
			shellScript = "diff \"${PODS_PODFILE_DIR_PATH}/Podfile.lock\" \"${PODS_ROOT}/Manifest.lock\" > /dev/null\nif [ $? != 0 ] ; then\n    # print error to STDERR\n    echo \"error: The sandbox is not in sync with the Podfile.lock. Run 'pod install' or update your CocoaPods installation.\" >&2\n    exit 1\nfi\n# This output is used by Xcode 'outputs' to avoid re-running this script phase.\necho \"SUCCESS\" > \"${SCRIPT_OUTPUT_FILE_0}\"\n";
			showEnvVarsInLog = 0;
		};
		BA7A19C922DE8B9B0031E352 /* ShellScript */ = {
			isa = PBXShellScriptBuildPhase;
			buildActionMask = 2147483647;
			files = (
			);
			inputFileListPaths = (
			);
			inputPaths = (
			);
			outputFileListPaths = (
			);
			outputPaths = (
			);
			runOnlyForDeploymentPostprocessing = 0;
			shellPath = /bin/sh;
			shellScript = "# Type a script or drag a script file from your workspace to insert its path.\n./Fabric.framework/run f34c919ca0f0c39a11a563761bb58bb424e9cabd 658c7245bd29005143194437753b12fab0d1f73797fffaae59d38af01cd78f8c\n";
		};
/* End PBXShellScriptBuildPhase section */

/* Begin PBXSourcesBuildPhase section */
		BA242715227664F600218C3E /* Sources */ = {
			isa = PBXSourcesBuildPhase;
			buildActionMask = 2147483647;
			files = (
				BA24271F227664F600218C3E /* ViewController.swift in Sources */,
				BAA8308E22B829C70088DAEE /* sceneViewController.swift in Sources */,
				BA261452227FA76200A59901 /* PixelExtractor.swift in Sources */,
				BAADC9712277CC9100A671B2 /* PreviewView.swift in Sources */,
				BA48938C22CC346300F6D521 /* TabController.swift in Sources */,
				BA24271D227664F600218C3E /* AppDelegate.swift in Sources */,
				BA84922022EBCD7000A64039 /* ImageManipulationUtil.swift in Sources */,
				BA7A19C822D824A90031E352 /* FolderHelper.swift in Sources */,
				BA9B8F5922B4687E00EEF11D /* ThreeDFileViewController.swift in Sources */,
				BAADC9732278246A00A671B2 /* PhotoCaptureDelegate.swift in Sources */,
				BA1ACFF822D6C365000E0DA4 /* Downloader.swift in Sources */,
				BA1ACFF622D68EDA000E0DA4 /* ServerHelper.swift in Sources */,
				BA9B8F5D22B5C6E100EEF11D /* ModelTableViewCell.swift in Sources */,
				BAADC97522791A0600A671B2 /* PreviewView.swift in Sources */,
			);
			runOnlyForDeploymentPostprocessing = 0;
		};
		BA24272C227664F900218C3E /* Sources */ = {
			isa = PBXSourcesBuildPhase;
			buildActionMask = 2147483647;
			files = (
				BA242735227664F900218C3E /* CameraOpusTests.swift in Sources */,
			);
			runOnlyForDeploymentPostprocessing = 0;
		};
		BA242737227664F900218C3E /* Sources */ = {
			isa = PBXSourcesBuildPhase;
			buildActionMask = 2147483647;
			files = (
				BA242740227664F900218C3E /* CameraOpusUITests.swift in Sources */,
			);
			runOnlyForDeploymentPostprocessing = 0;
		};
/* End PBXSourcesBuildPhase section */

/* Begin PBXTargetDependency section */
		BA242732227664F900218C3E /* PBXTargetDependency */ = {
			isa = PBXTargetDependency;
			target = BA242718227664F600218C3E /* CameraOpus */;
			targetProxy = BA242731227664F900218C3E /* PBXContainerItemProxy */;
		};
		BA24273D227664F900218C3E /* PBXTargetDependency */ = {
			isa = PBXTargetDependency;
			target = BA242718227664F600218C3E /* CameraOpus */;
			targetProxy = BA24273C227664F900218C3E /* PBXContainerItemProxy */;
		};
/* End PBXTargetDependency section */

/* Begin PBXVariantGroup section */
		BA242720227664F600218C3E /* Main.storyboard */ = {
			isa = PBXVariantGroup;
			children = (
				BA242721227664F600218C3E /* Base */,
			);
			name = Main.storyboard;
			sourceTree = "<group>";
		};
		BA242728227664F900218C3E /* LaunchScreen.storyboard */ = {
			isa = PBXVariantGroup;
			children = (
				BA242729227664F900218C3E /* Base */,
			);
			name = LaunchScreen.storyboard;
			sourceTree = "<group>";
		};
		BA48938822C873B500F6D521 /* Main.storyboard */ = {
			isa = PBXVariantGroup;
			children = (
				BA48938922C873B500F6D521 /* Base */,
			);
			name = Main.storyboard;
			sourceTree = "<group>";
		};
/* End PBXVariantGroup section */

/* Begin XCBuildConfiguration section */
		BA242742227664F900218C3E /* Debug */ = {
			isa = XCBuildConfiguration;
			buildSettings = {
				ALWAYS_SEARCH_USER_PATHS = NO;
				CLANG_ANALYZER_NONNULL = YES;
				CLANG_ANALYZER_NUMBER_OBJECT_CONVERSION = YES_AGGRESSIVE;
				CLANG_CXX_LANGUAGE_STANDARD = "gnu++14";
				CLANG_CXX_LIBRARY = "libc++";
				CLANG_ENABLE_MODULES = YES;
				CLANG_ENABLE_OBJC_ARC = YES;
				CLANG_ENABLE_OBJC_WEAK = YES;
				CLANG_WARN_BLOCK_CAPTURE_AUTORELEASING = YES;
				CLANG_WARN_BOOL_CONVERSION = YES;
				CLANG_WARN_COMMA = YES;
				CLANG_WARN_CONSTANT_CONVERSION = YES;
				CLANG_WARN_DEPRECATED_OBJC_IMPLEMENTATIONS = YES;
				CLANG_WARN_DIRECT_OBJC_ISA_USAGE = YES_ERROR;
				CLANG_WARN_DOCUMENTATION_COMMENTS = YES;
				CLANG_WARN_EMPTY_BODY = YES;
				CLANG_WARN_ENUM_CONVERSION = YES;
				CLANG_WARN_INFINITE_RECURSION = YES;
				CLANG_WARN_INT_CONVERSION = YES;
				CLANG_WARN_NON_LITERAL_NULL_CONVERSION = YES;
				CLANG_WARN_OBJC_IMPLICIT_RETAIN_SELF = YES;
				CLANG_WARN_OBJC_LITERAL_CONVERSION = YES;
				CLANG_WARN_OBJC_ROOT_CLASS = YES_ERROR;
				CLANG_WARN_RANGE_LOOP_ANALYSIS = YES;
				CLANG_WARN_STRICT_PROTOTYPES = YES;
				CLANG_WARN_SUSPICIOUS_MOVE = YES;
				CLANG_WARN_UNGUARDED_AVAILABILITY = YES_AGGRESSIVE;
				CLANG_WARN_UNREACHABLE_CODE = YES;
				CLANG_WARN__DUPLICATE_METHOD_MATCH = YES;
				CODE_SIGN_IDENTITY = "iPhone Developer";
				COPY_PHASE_STRIP = NO;
				DEBUG_INFORMATION_FORMAT = dwarf;
				ENABLE_STRICT_OBJC_MSGSEND = YES;
				ENABLE_TESTABILITY = YES;
				GCC_C_LANGUAGE_STANDARD = gnu11;
				GCC_DYNAMIC_NO_PIC = NO;
				GCC_NO_COMMON_BLOCKS = YES;
				GCC_OPTIMIZATION_LEVEL = 0;
				GCC_PREPROCESSOR_DEFINITIONS = (
					"DEBUG=1",
					"$(inherited)",
				);
				GCC_WARN_64_TO_32_BIT_CONVERSION = YES;
				GCC_WARN_ABOUT_RETURN_TYPE = YES_ERROR;
				GCC_WARN_UNDECLARED_SELECTOR = YES;
				GCC_WARN_UNINITIALIZED_AUTOS = YES_AGGRESSIVE;
				GCC_WARN_UNUSED_FUNCTION = YES;
				GCC_WARN_UNUSED_VARIABLE = YES;
				IPHONEOS_DEPLOYMENT_TARGET = 12.2;
				MTL_ENABLE_DEBUG_INFO = INCLUDE_SOURCE;
				MTL_FAST_MATH = YES;
				ONLY_ACTIVE_ARCH = YES;
				PROVISIONING_PROFILE_SPECIFIER = "";
				SDKROOT = iphoneos;
				SWIFT_ACTIVE_COMPILATION_CONDITIONS = DEBUG;
				SWIFT_OPTIMIZATION_LEVEL = "-Onone";
			};
			name = Debug;
		};
		BA242743227664F900218C3E /* Release */ = {
			isa = XCBuildConfiguration;
			buildSettings = {
				ALWAYS_SEARCH_USER_PATHS = NO;
				CLANG_ANALYZER_NONNULL = YES;
				CLANG_ANALYZER_NUMBER_OBJECT_CONVERSION = YES_AGGRESSIVE;
				CLANG_CXX_LANGUAGE_STANDARD = "gnu++14";
				CLANG_CXX_LIBRARY = "libc++";
				CLANG_ENABLE_MODULES = YES;
				CLANG_ENABLE_OBJC_ARC = YES;
				CLANG_ENABLE_OBJC_WEAK = YES;
				CLANG_WARN_BLOCK_CAPTURE_AUTORELEASING = YES;
				CLANG_WARN_BOOL_CONVERSION = YES;
				CLANG_WARN_COMMA = YES;
				CLANG_WARN_CONSTANT_CONVERSION = YES;
				CLANG_WARN_DEPRECATED_OBJC_IMPLEMENTATIONS = YES;
				CLANG_WARN_DIRECT_OBJC_ISA_USAGE = YES_ERROR;
				CLANG_WARN_DOCUMENTATION_COMMENTS = YES;
				CLANG_WARN_EMPTY_BODY = YES;
				CLANG_WARN_ENUM_CONVERSION = YES;
				CLANG_WARN_INFINITE_RECURSION = YES;
				CLANG_WARN_INT_CONVERSION = YES;
				CLANG_WARN_NON_LITERAL_NULL_CONVERSION = YES;
				CLANG_WARN_OBJC_IMPLICIT_RETAIN_SELF = YES;
				CLANG_WARN_OBJC_LITERAL_CONVERSION = YES;
				CLANG_WARN_OBJC_ROOT_CLASS = YES_ERROR;
				CLANG_WARN_RANGE_LOOP_ANALYSIS = YES;
				CLANG_WARN_STRICT_PROTOTYPES = YES;
				CLANG_WARN_SUSPICIOUS_MOVE = YES;
				CLANG_WARN_UNGUARDED_AVAILABILITY = YES_AGGRESSIVE;
				CLANG_WARN_UNREACHABLE_CODE = YES;
				CLANG_WARN__DUPLICATE_METHOD_MATCH = YES;
				CODE_SIGN_IDENTITY = "iPhone Distribution";
				COPY_PHASE_STRIP = NO;
				DEBUG_INFORMATION_FORMAT = "dwarf-with-dsym";
				ENABLE_NS_ASSERTIONS = NO;
				ENABLE_STRICT_OBJC_MSGSEND = YES;
				GCC_C_LANGUAGE_STANDARD = gnu11;
				GCC_NO_COMMON_BLOCKS = YES;
				GCC_WARN_64_TO_32_BIT_CONVERSION = YES;
				GCC_WARN_ABOUT_RETURN_TYPE = YES_ERROR;
				GCC_WARN_UNDECLARED_SELECTOR = YES;
				GCC_WARN_UNINITIALIZED_AUTOS = YES_AGGRESSIVE;
				GCC_WARN_UNUSED_FUNCTION = YES;
				GCC_WARN_UNUSED_VARIABLE = YES;
				IPHONEOS_DEPLOYMENT_TARGET = 12.2;
				MTL_ENABLE_DEBUG_INFO = NO;
				MTL_FAST_MATH = YES;
				PROVISIONING_PROFILE_SPECIFIER = "";
				SDKROOT = iphoneos;
				SWIFT_COMPILATION_MODE = wholemodule;
				SWIFT_OPTIMIZATION_LEVEL = "-O";
				VALIDATE_PRODUCT = YES;
			};
			name = Release;
		};
		BA242745227664F900218C3E /* Debug */ = {
			isa = XCBuildConfiguration;
			baseConfigurationReference = E72FF433141691D0D55B356A /* Pods-CameraOpus.debug.xcconfig */;
			buildSettings = {
				ASSETCATALOG_COMPILER_APPICON_NAME = AppIcon;
				CODE_SIGN_ENTITLEMENTS = CameraOpus/CameraOpus.entitlements;
				CODE_SIGN_STYLE = Manual;
				DEVELOPMENT_TEAM = QZFZ74VAJR;
				FRAMEWORK_SEARCH_PATHS = (
					"$(inherited)",
					"$(PROJECT_DIR)",
				);
				INFOPLIST_FILE = CameraOpus/Info.plist;
				LD_RUNPATH_SEARCH_PATHS = (
					"$(inherited)",
					"@executable_path/Frameworks",
				);
				PRODUCT_BUNDLE_IDENTIFIER = com.opus.CameraOpus;
				PRODUCT_NAME = "$(TARGET_NAME)";
				PROVISIONING_PROFILE_SPECIFIER = dev4;
				SWIFT_VERSION = 5.0;
				TARGETED_DEVICE_FAMILY = "1,2";
			};
			name = Debug;
		};
		BA242746227664F900218C3E /* Release */ = {
			isa = XCBuildConfiguration;
			baseConfigurationReference = 622816243C3B6B3C4DD2610E /* Pods-CameraOpus.release.xcconfig */;
			buildSettings = {
				ASSETCATALOG_COMPILER_APPICON_NAME = AppIcon;
				CODE_SIGN_ENTITLEMENTS = CameraOpus/CameraOpus.entitlements;
				CODE_SIGN_STYLE = Manual;
				DEVELOPMENT_TEAM = QZFZ74VAJR;
				FRAMEWORK_SEARCH_PATHS = (
					"$(inherited)",
					"$(PROJECT_DIR)",
				);
				INFOPLIST_FILE = CameraOpus/Info.plist;
				LD_RUNPATH_SEARCH_PATHS = (
					"$(inherited)",
					"@executable_path/Frameworks",
				);
				PRODUCT_BUNDLE_IDENTIFIER = com.opus.CameraOpus;
				PRODUCT_NAME = "$(TARGET_NAME)";
				PROVISIONING_PROFILE_SPECIFIER = test4;
				SWIFT_VERSION = 5.0;
				TARGETED_DEVICE_FAMILY = "1,2";
			};
			name = Release;
		};
		BA242748227664F900218C3E /* Debug */ = {
			isa = XCBuildConfiguration;
			baseConfigurationReference = 902EA4FA38C8FFE529DF9E6B /* Pods-CameraOpusTests.debug.xcconfig */;
			buildSettings = {
				ALWAYS_EMBED_SWIFT_STANDARD_LIBRARIES = YES;
				BUNDLE_LOADER = "$(TEST_HOST)";
				CODE_SIGN_STYLE = Automatic;
				DEVELOPMENT_TEAM = QZFZ74VAJR;
				INFOPLIST_FILE = CameraOpusTests/Info.plist;
				LD_RUNPATH_SEARCH_PATHS = (
					"$(inherited)",
					"@executable_path/Frameworks",
					"@loader_path/Frameworks",
				);
				PRODUCT_BUNDLE_IDENTIFIER = com.opus.CameraOpusTests;
				PRODUCT_NAME = "$(TARGET_NAME)";
				SWIFT_VERSION = 5.0;
				TARGETED_DEVICE_FAMILY = "1,2";
				TEST_HOST = "$(BUILT_PRODUCTS_DIR)/CameraOpus.app/CameraOpus";
			};
			name = Debug;
		};
		BA242749227664F900218C3E /* Release */ = {
			isa = XCBuildConfiguration;
			baseConfigurationReference = 1F0A21CA60EA3EEE3DAD64B6 /* Pods-CameraOpusTests.release.xcconfig */;
			buildSettings = {
				ALWAYS_EMBED_SWIFT_STANDARD_LIBRARIES = YES;
				BUNDLE_LOADER = "$(TEST_HOST)";
				CODE_SIGN_STYLE = Automatic;
				DEVELOPMENT_TEAM = QZFZ74VAJR;
				INFOPLIST_FILE = CameraOpusTests/Info.plist;
				LD_RUNPATH_SEARCH_PATHS = (
					"$(inherited)",
					"@executable_path/Frameworks",
					"@loader_path/Frameworks",
				);
				PRODUCT_BUNDLE_IDENTIFIER = com.opus.CameraOpusTests;
				PRODUCT_NAME = "$(TARGET_NAME)";
				SWIFT_VERSION = 5.0;
				TARGETED_DEVICE_FAMILY = "1,2";
				TEST_HOST = "$(BUILT_PRODUCTS_DIR)/CameraOpus.app/CameraOpus";
			};
			name = Release;
		};
		BA24274B227664F900218C3E /* Debug */ = {
			isa = XCBuildConfiguration;
			baseConfigurationReference = 68E9EEAD8352C8E22DFF322D /* Pods-CameraOpusUITests.debug.xcconfig */;
			buildSettings = {
				ALWAYS_EMBED_SWIFT_STANDARD_LIBRARIES = YES;
				CODE_SIGN_STYLE = Automatic;
				DEVELOPMENT_TEAM = QZFZ74VAJR;
				INFOPLIST_FILE = CameraOpusUITests/Info.plist;
				LD_RUNPATH_SEARCH_PATHS = (
					"$(inherited)",
					"@executable_path/Frameworks",
					"@loader_path/Frameworks",
				);
				PRODUCT_BUNDLE_IDENTIFIER = com.opus.CameraOpusUITests;
				PRODUCT_NAME = "$(TARGET_NAME)";
				SWIFT_VERSION = 5.0;
				TARGETED_DEVICE_FAMILY = "1,2";
				TEST_TARGET_NAME = CameraOpus;
			};
			name = Debug;
		};
		BA24274C227664F900218C3E /* Release */ = {
			isa = XCBuildConfiguration;
			baseConfigurationReference = 5D3522DA6D98D031619E001A /* Pods-CameraOpusUITests.release.xcconfig */;
			buildSettings = {
				ALWAYS_EMBED_SWIFT_STANDARD_LIBRARIES = YES;
				CODE_SIGN_STYLE = Automatic;
				DEVELOPMENT_TEAM = QZFZ74VAJR;
				INFOPLIST_FILE = CameraOpusUITests/Info.plist;
				LD_RUNPATH_SEARCH_PATHS = (
					"$(inherited)",
					"@executable_path/Frameworks",
					"@loader_path/Frameworks",
				);
				PRODUCT_BUNDLE_IDENTIFIER = com.opus.CameraOpusUITests;
				PRODUCT_NAME = "$(TARGET_NAME)";
				SWIFT_VERSION = 5.0;
				TARGETED_DEVICE_FAMILY = "1,2";
				TEST_TARGET_NAME = CameraOpus;
			};
			name = Release;
		};
/* End XCBuildConfiguration section */

/* Begin XCConfigurationList section */
		BA242714227664F600218C3E /* Build configuration list for PBXProject "CameraOpus" */ = {
			isa = XCConfigurationList;
			buildConfigurations = (
				BA242742227664F900218C3E /* Debug */,
				BA242743227664F900218C3E /* Release */,
			);
			defaultConfigurationIsVisible = 0;
			defaultConfigurationName = Release;
		};
		BA242744227664F900218C3E /* Build configuration list for PBXNativeTarget "CameraOpus" */ = {
			isa = XCConfigurationList;
			buildConfigurations = (
				BA242745227664F900218C3E /* Debug */,
				BA242746227664F900218C3E /* Release */,
			);
			defaultConfigurationIsVisible = 0;
			defaultConfigurationName = Release;
		};
		BA242747227664F900218C3E /* Build configuration list for PBXNativeTarget "CameraOpusTests" */ = {
			isa = XCConfigurationList;
			buildConfigurations = (
				BA242748227664F900218C3E /* Debug */,
				BA242749227664F900218C3E /* Release */,
			);
			defaultConfigurationIsVisible = 0;
			defaultConfigurationName = Release;
		};
		BA24274A227664F900218C3E /* Build configuration list for PBXNativeTarget "CameraOpusUITests" */ = {
			isa = XCConfigurationList;
			buildConfigurations = (
				BA24274B227664F900218C3E /* Debug */,
				BA24274C227664F900218C3E /* Release */,
			);
			defaultConfigurationIsVisible = 0;
			defaultConfigurationName = Release;
		};
/* End XCConfigurationList section */
	};
	rootObject = BA242711227664F600218C3E /* Project object */;
}
